
Microsoft Visual Studio Solution File, Format Version 12.00
Project("{FAE04EC0-301F-11D3-BF4B-00C04F79EFBC}") = "DES", "DES\DES.csproj", "{E776F7A2-75F4-4D07-92F6-EE711C09AD4D}"
EndProject
Project("{FAE04EC0-301F-11D3-BF4B-00C04F79EFBC}") = "RSA", "RSA\RSA.csproj", "{91D71EC0-E759-40CB-B3FD-6DFE402206E5}"
EndProject
Global
	GlobalSection(SolutionConfigurationPlatforms) = preSolution
		Debug|Any CPU = Debug|Any CPU
		Release|Any CPU = Release|Any CPU
	EndGlobalSection
	GlobalSection(ProjectConfigurationPlatforms) = postSolution
		{E776F7A2-75F4-4D07-92F6-EE711C09AD4D}.Debug|Any CPU.ActiveCfg = Debug|Any CPU
		{E776F7A2-75F4-4D07-92F6-EE711C09AD4D}.Debug|Any CPU.Build.0 = Debug|Any CPU
		{E776F7A2-75F4-4D07-92F6-EE711C09AD4D}.Release|Any CPU.ActiveCfg = Release|Any CPU
		{E776F7A2-75F4-4D07-92F6-EE711C09AD4D}.Release|Any CPU.Build.0 = Release|Any CPU
		{91D71EC0-E759-40CB-B3FD-6DFE402206E5}.Debug|Any CPU.ActiveCfg = Debug|Any CPU
		{91D71EC0-E759-40CB-B3FD-6DFE402206E5}.Debug|Any CPU.Build.0 = Debug|Any CPU
		{91D71EC0-E759-40CB-B3FD-6DFE402206E5}.Release|Any CPU.ActiveCfg = Release|Any CPU
		{91D71EC0-E759-40CB-B3FD-6DFE402206E5}.Release|Any CPU.Build.0 = Release|Any CPU
	EndGlobalSection
EndGlobal
